
Microsoft Visual Studio Solution File, Format Version 12.00
# Visual Studio Version 16
VisualStudioVersion = 16.0.29728.190
MinimumVisualStudioVersion = 10.0.40219.1
Project("{9A19103F-16F7-4668-BE54-9A1E7A4F7556}") = "SKFWebServicesSchedular", "SKFWebServicesSchedular.csproj", "{EB56A776-0F1C-4A90-9807-95B6F1B16748}"
EndProject
Global
	GlobalSection(SolutionConfigurationPlatforms) = preSolution
		Debug|Any CPU = Debug|Any CPU
		Release|Any CPU = Release|Any CPU
	EndGlobalSection
	GlobalSection(ProjectConfigurationPlatforms) = postSolution
		{EB56A776-0F1C-4A90-9807-95B6F1B16748}.Debug|Any CPU.ActiveCfg = Debug|Any CPU
		{EB56A776-0F1C-4A90-9807-95B6F1B16748}.Debug|Any CPU.Build.0 = Debug|Any CPU
		{EB56A776-0F1C-4A90-9807-95B6F1B16748}.Release|Any CPU.ActiveCfg = Release|Any CPU
		{EB56A776-0F1C-4A90-9807-95B6F1B16748}.Release|Any CPU.Build.0 = Release|Any CPU
	EndGlobalSection
	GlobalSection(SolutionProperties) = preSolution
		HideSolutionNode = FALSE
	EndGlobalSection
	GlobalSection(ExtensibilityGlobals) = postSolution
		SolutionGuid = {EC549702-23DF-4CC6-878E-B01F913CC9C2}
	EndGlobalSection
EndGlobal
